
Microsoft Visual Studio Solution File, Format Version 12.00
# Visual Studio Version 16
VisualStudioVersion = 16.0.31911.196
MinimumVisualStudioVersion = 10.0.40219.1
Project("{FAE04EC0-301F-11D3-BF4B-00C04F79EFBC}") = "HCA-Code-Assessment", "HCA-Code-Assessment.csproj", "{F73DD2A0-DBED-4E62-A701-5BF3523F70CE}"
EndProject
Global
	GlobalSection(SolutionConfigurationPlatforms) = preSolution
		Debug|Any CPU = Debug|Any CPU
		Release|Any CPU = Release|Any CPU
	EndGlobalSection
	GlobalSection(ProjectConfigurationPlatforms) = postSolution
		{F73DD2A0-DBED-4E62-A701-5BF3523F70CE}.Debug|Any CPU.ActiveCfg = Debug|Any CPU
		{F73DD2A0-DBED-4E62-A701-5BF3523F70CE}.Debug|Any CPU.Build.0 = Debug|Any CPU
		{F73DD2A0-DBED-4E62-A701-5BF3523F70CE}.Release|Any CPU.ActiveCfg = Release|Any CPU
		{F73DD2A0-DBED-4E62-A701-5BF3523F70CE}.Release|Any CPU.Build.0 = Release|Any CPU
	EndGlobalSection
	GlobalSection(SolutionProperties) = preSolution
		HideSolutionNode = FALSE
	EndGlobalSection
	GlobalSection(ExtensibilityGlobals) = postSolution
		SolutionGuid = {AF2F283F-304F-4068-9359-209F1E8DEB34}
	EndGlobalSection
EndGlobal
